[root]
name = "imp"
version = "0.1.0"
dependencies = [
 "peg 0.3.6 (git+https://github.com/kevinmehall/rust-peg.git)",
 "rand 0.3.12 (registry+https://github.com/rust-lang/crates.io-index)",
 "regex 0.1.43 (registry+https://github.com/rust-lang/crates.io-index)",
 "time 0.1.34 (registry+https://github.com/rust-lang/crates.io-index)",
]

[[package]]
name = "advapi32-sys"
version = "0.1.2"
source = "registry+https://github.com/rust-lang/crates.io-index"
dependencies = [
 "winapi 0.2.5 (registry+https://github.com/rust-lang/crates.io-index)",
 "winapi-build 0.1.1 (registry+https://github.com/rust-lang/crates.io-index)",
]

[[package]]
name = "aho-corasick"
version = "0.4.0"
source = "registry+https://github.com/rust-lang/crates.io-index"
dependencies = [
 "memchr 0.1.7 (registry+https://github.com/rust-lang/crates.io-index)",
]

[[package]]
name = "kernel32-sys"
version = "0.2.1"
source = "registry+https://github.com/rust-lang/crates.io-index"
dependencies = [
 "winapi 0.2.5 (registry+https://github.com/rust-lang/crates.io-index)",
 "winapi-build 0.1.1 (registry+https://github.com/rust-lang/crates.io-index)",
]

[[package]]
name = "libc"
version = "0.2.2"
source = "registry+https://github.com/rust-lang/crates.io-index"

[[package]]
name = "memchr"
version = "0.1.7"
source = "registry+https://github.com/rust-lang/crates.io-index"
dependencies = [
 "libc 0.2.2 (registry+https://github.com/rust-lang/crates.io-index)",
]

[[package]]
name = "peg"
version = "0.3.6"
source = "git+https://github.com/kevinmehall/rust-peg.git#ca12a4993b3c0acb7b4f95a60625c3ad8c6e1a33"

[[package]]
name = "rand"
version = "0.3.12"
source = "registry+https://github.com/rust-lang/crates.io-index"
dependencies = [
 "advapi32-sys 0.1.2 (registry+https://github.com/rust-lang/crates.io-index)",
 "libc 0.2.2 (registry+https://github.com/rust-lang/crates.io-index)",
 "winapi 0.2.5 (registry+https://github.com/rust-lang/crates.io-index)",
]

[[package]]
name = "regex"
version = "0.1.43"
source = "registry+https://github.com/rust-lang/crates.io-index"
dependencies = [
 "aho-corasick 0.4.0 (registry+https://github.com/rust-lang/crates.io-index)",
 "memchr 0.1.7 (registry+https://github.com/rust-lang/crates.io-index)",
 "regex-syntax 0.2.2 (registry+https://github.com/rust-lang/crates.io-index)",
]

[[package]]
name = "regex-syntax"
version = "0.2.2"
source = "registry+https://github.com/rust-lang/crates.io-index"

[[package]]
name = "time"
version = "0.1.34"
source = "registry+https://github.com/rust-lang/crates.io-index"
dependencies = [
 "kernel32-sys 0.2.1 (registry+https://github.com/rust-lang/crates.io-index)",
 "libc 0.2.2 (registry+https://github.com/rust-lang/crates.io-index)",
 "winapi 0.2.5 (registry+https://github.com/rust-lang/crates.io-index)",
]

[[package]]
name = "winapi"
version = "0.2.5"
source = "registry+https://github.com/rust-lang/crates.io-index"

[[package]]
name = "winapi-build"
version = "0.1.1"
source = "registry+https://github.com/rust-lang/crates.io-index"

